{
  "name": "kototama-workerd-conformance",
  "lockfileVersion": 3,
  "requires": true,
  "packages": {
    "": {
      "name": "kototama-workerd-conformance",
      "devDependencies": {
        "workerd": "1.20260723.1"
      }
    },
    "node_modules/@cloudflare/workerd-darwin-64": {
      "version": "1.20260723.1",
      "resolved": "https://registry.npmjs.org/@cloudflare/workerd-darwin-64/-/workerd-darwin-64-1.20260723.1.tgz",
      "integrity": "sha512-/4ZRRqcZEmgE5n6qPeDYSml7UEss0bWvfKxV4lpp9sVC91x/2Lig7+3mRrm1AjmFN0XlC4axtHX5KWn+z2SEQw==",
      "cpu": [
        "x64"
      ],
      "dev": true,
      "license": "Apache-2.0",
      "optional": true,
      "os": [
        "darwin"
      ],
      "engines": {
        "node": ">=16"
      }
    },
    "node_modules/@cloudflare/workerd-darwin-arm64": {
      "version": "1.20260723.1",
      "resolved": "https://registry.npmjs.org/@cloudflare/workerd-darwin-arm64/-/workerd-darwin-arm64-1.20260723.1.tgz",
      "integrity": "sha512-4q4ecakSUwJpEEw4/SIEiFBk8a9TTzjPUrEyJdjLY0rIsckcLe9U2JRYfxRtQfK0+J53L0/fCMOYkTEpcx5mZQ==",
      "cpu": [
        "arm64"
      ],
      "dev": true,
      "license": "Apache-2.0",
      "optional": true,
      "os": [
        "darwin"
      ],
      "engines": {
        "node": ">=16"
      }
    },
    "node_modules/@cloudflare/workerd-linux-64": {
      "version": "1.20260723.1",
      "resolved": "https://registry.npmjs.org/@cloudflare/workerd-linux-64/-/workerd-linux-64-1.20260723.1.tgz",
      "integrity": "sha512-TlBLeDv8catWfOzyOnYmC2Cq5afKeE4jHjl19UgS+HpEMmFFpxRydmUQI/cOJwDjy8aTcduLQS+Wc1tGX5an8Q==",
      "cpu": [
        "x64"
      ],
      "dev": true,
      "license": "Apache-2.0",
      "optional": true,
      "os": [
        "linux"
      ],
      "engines": {
        "node": ">=16"
      }
    },
    "node_modules/@cloudflare/workerd-linux-arm64": {
      "version": "1.20260723.1",
      "resolved": "https://registry.npmjs.org/@cloudflare/workerd-linux-arm64/-/workerd-linux-arm64-1.20260723.1.tgz",
      "integrity": "sha512-uo56XIckMzV2hLfl1fzZsEBm/+ys3t5Gtuv968FGDeuL6bxe3uZ7JShHxLeK0ZFYxsixXRqt73y+w/+8uIy7Fg==",
      "cpu": [
        "arm64"
      ],
      "dev": true,
      "license": "Apache-2.0",
      "optional": true,
      "os": [
        "linux"
      ],
      "engines": {
        "node": ">=16"
      }
    },
    "node_modules/@cloudflare/workerd-windows-64": {
      "version": "1.20260723.1",
      "resolved": "https://registry.npmjs.org/@cloudflare/workerd-windows-64/-/workerd-windows-64-1.20260723.1.tgz",
      "integrity": "sha512-nAvYB4Lt1B4ZxFXipb7ck01fLX1gY5alUBYudKqgeWIIunkNT0+VVNBVISxqp8w/Bw0Lne7suAIRFUM4Y4Yxhw==",
      "cpu": [
        "x64"
      ],
      "dev": true,
      "license": "Apache-2.0",
      "optional": true,
      "os": [
        "win32"
      ],
      "engines": {
        "node": ">=16"
      }
    },
    "node_modules/workerd": {
      "version": "1.20260723.1",
      "resolved": "https://registry.npmjs.org/workerd/-/workerd-1.20260723.1.tgz",
      "integrity": "sha512-HM/RIZPQgoF4lQQpikeBty/m1yMeLdGHEPiKH3r82Q99azix4ONZELfYV3SQseQhlz323cSnBrzdd6nX9sU5oA==",
      "dev": true,
      "hasInstallScript": true,
      "license": "Apache-2.0",
      "bin": {
        "workerd": "bin/workerd"
      },
      "engines": {
        "node": ">=16"
      },
      "optionalDependencies": {
        "@cloudflare/workerd-darwin-64": "1.20260723.1",
        "@cloudflare/workerd-darwin-arm64": "1.20260723.1",
        "@cloudflare/workerd-linux-64": "1.20260723.1",
        "@cloudflare/workerd-linux-arm64": "1.20260723.1",
        "@cloudflare/workerd-windows-64": "1.20260723.1"
      }
    }
  }
}
